// !$*UTF8*$!
{
	archiveVersion = 1;
	classes = {
	};
	objectVersion = 56;
	objects = {

/* Begin PBXBuildFile section */
		8037EB842D5915E000092BD5 /* CharacterCell.swift in Sources */ = {isa = PBXBuildFile; fileRef = 8037EB832D5915E000092BD5 /* CharacterCell.swift */; };
		8037EB892D5C32A700092BD5 /* CharacterService.swift in Sources */ = {isa = PBXBuildFile; fileRef = 8037EB882D5C32A700092BD5 /* CharacterService.swift */; };
		80FC67202D2F6B6C0022F9C4 /* AppDelegate.swift in Sources */ = {isa = PBXBuildFile; fileRef = 80FC671F2D2F6B6C0022F9C4 /* AppDelegate.swift */; };
		80FC67222D2F6B6C0022F9C4 /* SceneDelegate.swift in Sources */ = {isa = PBXBuildFile; fileRef = 80FC67212D2F6B6C0022F9C4 /* SceneDelegate.swift */; };
		80FC67292D2F6B6F0022F9C4 /* Assets.xcassets in Resources */ = {isa = PBXBuildFile; fileRef = 80FC67282D2F6B6F0022F9C4 /* Assets.xcassets */; };
		80FC672C2D2F6B6F0022F9C4 /* Base in Resources */ = {isa = PBXBuildFile; fileRef = 80FC672B2D2F6B6F0022F9C4 /* Base */; };
		80FC67372D2F6B6F0022F9C4 /* RickAndMortyAppTests.swift in Sources */ = {isa = PBXBuildFile; fileRef = 80FC67362D2F6B6F0022F9C4 /* RickAndMortyAppTests.swift */; };
		80FC67412D2F6B6F0022F9C4 /* RickAndMortyAppUITests.swift in Sources */ = {isa = PBXBuildFile; fileRef = 80FC67402D2F6B6F0022F9C4 /* RickAndMortyAppUITests.swift */; };
		80FC67432D2F6B6F0022F9C4 /* RickAndMortyAppUITestsLaunchTests.swift in Sources */ = {isa = PBXBuildFile; fileRef = 80FC67422D2F6B6F0022F9C4 /* RickAndMortyAppUITestsLaunchTests.swift */; };
		80FC67552D2F6EED0022F9C4 /* AppCoordinator.swift in Sources */ = {isa = PBXBuildFile; fileRef = 80FC67542D2F6EED0022F9C4 /* AppCoordinator.swift */; };
		80FC67562D2F6EED0022F9C4 /* AppCoordinator.swift in Sources */ = {isa = PBXBuildFile; fileRef = 80FC67542D2F6EED0022F9C4 /* AppCoordinator.swift */; };
		80FC67582D2F70AD0022F9C4 /* CharacterListViewController.swift in Sources */ = {isa = PBXBuildFile; fileRef = 80FC67572D2F70AD0022F9C4 /* CharacterListViewController.swift */; };
		80FC67592D2F70AD0022F9C4 /* CharacterListViewController.swift in Sources */ = {isa = PBXBuildFile; fileRef = 80FC67572D2F70AD0022F9C4 /* CharacterListViewController.swift */; };
		80FC675B2D2F70E80022F9C4 /* Character.swift in Sources */ = {isa = PBXBuildFile; fileRef = 80FC675A2D2F70E80022F9C4 /* Character.swift */; };
		80FC675C2D2F70E80022F9C4 /* Character.swift in Sources */ = {isa = PBXBuildFile; fileRef = 80FC675A2D2F70E80022F9C4 /* Character.swift */; };
		80FC675E2D2F72460022F9C4 /* CharacterResponse.swift in Sources */ = {isa = PBXBuildFile; fileRef = 80FC675D2D2F72460022F9C4 /* CharacterResponse.swift */; };
		80FC675F2D2F72460022F9C4 /* CharacterResponse.swift in Sources */ = {isa = PBXBuildFile; fileRef = 80FC675D2D2F72460022F9C4 /* CharacterResponse.swift */; };
		80FC67612D2F72620022F9C4 /* PageInfo.swift in Sources */ = {isa = PBXBuildFile; fileRef = 80FC67602D2F72620022F9C4 /* PageInfo.swift */; };
		80FC67622D2F72620022F9C4 /* PageInfo.swift in Sources */ = {isa = PBXBuildFile; fileRef = 80FC67602D2F72620022F9C4 /* PageInfo.swift */; };
		80FC676B2D2F74BE0022F9C4 /* Pods_RickAndMortyApp.framework in Frameworks */ = {isa = PBXBuildFile; fileRef = 64C9912565E56AC6C13252D0 /* Pods_RickAndMortyApp.framework */; };
		80FC676C2D2F74BE0022F9C4 /* Pods_RickAndMortyApp.framework in Embed Frameworks */ = {isa = PBXBuildFile; fileRef = 64C9912565E56AC6C13252D0 /* Pods_RickAndMortyApp.framework */; settings = {ATTRIBUTES = (CodeSignOnCopy, RemoveHeadersOnCopy, ); }; };
		80FC67772D40891C0022F9C4 /* Bindable.swift in Sources */ = {isa = PBXBuildFile; fileRef = 80FC67762D40891B0022F9C4 /* Bindable.swift */; };
		80FC677A2D408D800022F9C4 /* CharacterListViewModel.swift in Sources */ = {isa = PBXBuildFile; fileRef = 80FC67792D408D7F0022F9C4 /* CharacterListViewModel.swift */; };
		8127D6323476B184E792A1E4 /* Pods_RickAndMortyApp_RickAndMortyAppUITests.framework in Frameworks */ = {isa = PBXBuildFile; fileRef = 0936EC92A234C70EA37C8B0C /* Pods_RickAndMortyApp_RickAndMortyAppUITests.framework */; };
		8688E28F257D0EF563D21CA0 /* Pods_RickAndMortyAppTests.framework in Frameworks */ = {isa = PBXBuildFile; fileRef = 51B7EE66CBF5FDDF7F2C9C69 /* Pods_RickAndMortyAppTests.framework */; };
/* End PBXBuildFile section */

/* Begin PBXContainerItemProxy section */
		80FC67332D2F6B6F0022F9C4 /* PBXContainerItemProxy */ = {
			isa = PBXContainerItemProxy;
			containerPortal = 80FC67142D2F6B6C0022F9C4 /* Project object */;
			proxyType = 1;
			remoteGlobalIDString = 80FC671B2D2F6B6C0022F9C4;
			remoteInfo = RickAndMortyApp;
		};
		80FC673D2D2F6B6F0022F9C4 /* PBXContainerItemProxy */ = {
			isa = PBXContainerItemProxy;
			containerPortal = 80FC67142D2F6B6C0022F9C4 /* Project object */;
			proxyType = 1;
			remoteGlobalIDString = 80FC671B2D2F6B6C0022F9C4;
			remoteInfo = RickAndMortyApp;
		};
/* End PBXContainerItemProxy section */

/* Begin PBXCopyFilesBuildPhase section */
		80FC676A2D2F744D0022F9C4 /* Embed Frameworks */ = {
			isa = PBXCopyFilesBuildPhase;
			buildActionMask = 2147483647;
			dstPath = "";
			dstSubfolderSpec = 10;
			files = (
				80FC676C2D2F74BE0022F9C4 /* Pods_RickAndMortyApp.framework in Embed Frameworks */,
			);
			name = "Embed Frameworks";
			runOnlyForDeploymentPostprocessing = 0;
		};
/* End PBXCopyFilesBuildPhase section */

/* Begin PBXFileReference section */
		0936EC92A234C70EA37C8B0C /* Pods_RickAndMortyApp_RickAndMortyAppUITests.framework */ = {isa = PBXFileReference; explicitFileType = wrapper.framework; includeInIndex = 0; path = Pods_RickAndMortyApp_RickAndMortyAppUITests.framework; sourceTree = BUILT_PRODUCTS_DIR; };
		22FFF000FA4AE5EDC666F1DA /* Pods-RickAndMortyApp-RickAndMortyAppUITests.debug.xcconfig */ = {isa = PBXFileReference; includeInIndex = 1; lastKnownFileType = text.xcconfig; name = "Pods-RickAndMortyApp-RickAndMortyAppUITests.debug.xcconfig"; path = "Target Support Files/Pods-RickAndMortyApp-RickAndMortyAppUITests/Pods-RickAndMortyApp-RickAndMortyAppUITests.debug.xcconfig"; sourceTree = "<group>"; };
		47E615F06B0FCB8F76921852 /* Pods-RickAndMortyApp.release.xcconfig */ = {isa = PBXFileReference; includeInIndex = 1; lastKnownFileType = text.xcconfig; name = "Pods-RickAndMortyApp.release.xcconfig"; path = "Target Support Files/Pods-RickAndMortyApp/Pods-RickAndMortyApp.release.xcconfig"; sourceTree = "<group>"; };
		51B7EE66CBF5FDDF7F2C9C69 /* Pods_RickAndMortyAppTests.framework */ = {isa = PBXFileReference; explicitFileType = wrapper.framework; includeInIndex = 0; path = Pods_RickAndMortyAppTests.framework; sourceTree = BUILT_PRODUCTS_DIR; };
		64C9912565E56AC6C13252D0 /* Pods_RickAndMortyApp.framework */ = {isa = PBXFileReference; explicitFileType = wrapper.framework; includeInIndex = 0; path = Pods_RickAndMortyApp.framework; sourceTree = BUILT_PRODUCTS_DIR; };
		8037EB832D5915E000092BD5 /* CharacterCell.swift */ = {isa = PBXFileReference; lastKnownFileType = sourcecode.swift; path = CharacterCell.swift; sourceTree = "<group>"; };
		8037EB882D5C32A700092BD5 /* CharacterService.swift */ = {isa = PBXFileReference; lastKnownFileType = sourcecode.swift; path = CharacterService.swift; sourceTree = "<group>"; };
		80FC671C2D2F6B6C0022F9C4 /* RickAndMortyApp.app */ = {isa = PBXFileReference; explicitFileType = wrapper.application; includeInIndex = 0; path = RickAndMortyApp.app; sourceTree = BUILT_PRODUCTS_DIR; };
		80FC671F2D2F6B6C0022F9C4 /* AppDelegate.swift */ = {isa = PBXFileReference; lastKnownFileType = sourcecode.swift; path = AppDelegate.swift; sourceTree = "<group>"; };
		80FC67212D2F6B6C0022F9C4 /* SceneDelegate.swift */ = {isa = PBXFileReference; lastKnownFileType = sourcecode.swift; path = SceneDelegate.swift; sourceTree = "<group>"; };
		80FC67282D2F6B6F0022F9C4 /* Assets.xcassets */ = {isa = PBXFileReference; lastKnownFileType = folder.assetcatalog; path = Assets.xcassets; sourceTree = "<group>"; };
		80FC672B2D2F6B6F0022F9C4 /* Base */ = {isa = PBXFileReference; lastKnownFileType = file.storyboard; name = Base; path = Base.lproj/LaunchScreen.storyboard; sourceTree = "<group>"; };
		80FC672D2D2F6B6F0022F9C4 /* Info.plist */ = {isa = PBXFileReference; lastKnownFileType = text.plist.xml; path = Info.plist; sourceTree = "<group>"; };
		80FC67322D2F6B6F0022F9C4 /* RickAndMortyAppTests.xctest */ = {isa = PBXFileReference; explicitFileType = wrapper.cfbundle; includeInIndex = 0; path = RickAndMortyAppTests.xctest; sourceTree = BUILT_PRODUCTS_DIR; };
		80FC67362D2F6B6F0022F9C4 /* RickAndMortyAppTests.swift */ = {isa = PBXFileReference; lastKnownFileType = sourcecode.swift; path = RickAndMortyAppTests.swift; sourceTree = "<group>"; };
		80FC673C2D2F6B6F0022F9C4 /* RickAndMortyAppUITests.xctest */ = {isa = PBXFileReference; explicitFileType = wrapper.cfbundle; includeInIndex = 0; path = RickAndMortyAppUITests.xctest; sourceTree = BUILT_PRODUCTS_DIR; };
		80FC67402D2F6B6F0022F9C4 /* RickAndMortyAppUITests.swift */ = {isa = PBXFileReference; lastKnownFileType = sourcecode.swift; path = RickAndMortyAppUITests.swift; sourceTree = "<group>"; };
		80FC67422D2F6B6F0022F9C4 /* RickAndMortyAppUITestsLaunchTests.swift */ = {isa = PBXFileReference; lastKnownFileType = sourcecode.swift; path = RickAndMortyAppUITestsLaunchTests.swift; sourceTree = "<group>"; };
		80FC67542D2F6EED0022F9C4 /* AppCoordinator.swift */ = {isa = PBXFileReference; lastKnownFileType = sourcecode.swift; path = AppCoordinator.swift; sourceTree = "<group>"; };
		80FC67572D2F70AD0022F9C4 /* CharacterListViewController.swift */ = {isa = PBXFileReference; lastKnownFileType = sourcecode.swift; path = CharacterListViewController.swift; sourceTree = "<group>"; };
		80FC675A2D2F70E80022F9C4 /* Character.swift */ = {isa = PBXFileReference; lastKnownFileType = sourcecode.swift; path = Character.swift; sourceTree = "<group>"; };
		80FC675D2D2F72460022F9C4 /* CharacterResponse.swift */ = {isa = PBXFileReference; lastKnownFileType = sourcecode.swift; path = CharacterResponse.swift; sourceTree = "<group>"; };
		80FC67602D2F72620022F9C4 /* PageInfo.swift */ = {isa = PBXFileReference; lastKnownFileType = sourcecode.swift; path = PageInfo.swift; sourceTree = "<group>"; };
		80FC67632D2F733F0022F9C4 /* SDKNetwork.framework */ = {isa = PBXFileReference; explicitFileType = wrapper.framework; path = SDKNetwork.framework; sourceTree = BUILT_PRODUCTS_DIR; };
		80FC67672D2F744D0022F9C4 /* SDKNetwork.framework */ = {isa = PBXFileReference; explicitFileType = wrapper.framework; path = SDKNetwork.framework; sourceTree = BUILT_PRODUCTS_DIR; };
		80FC676D2D2F77CE0022F9C4 /* SDKNetwork.framework */ = {isa = PBXFileReference; explicitFileType = wrapper.framework; path = SDKNetwork.framework; sourceTree = BUILT_PRODUCTS_DIR; };
		80FC67702D2F78640022F9C4 /* SDKNetwork.framework */ = {isa = PBXFileReference; explicitFileType = wrapper.framework; path = SDKNetwork.framework; sourceTree = BUILT_PRODUCTS_DIR; };
		80FC67722D2F78690022F9C4 /* SDKNetwork.framework */ = {isa = PBXFileReference; explicitFileType = wrapper.framework; path = SDKNetwork.framework; sourceTree = BUILT_PRODUCTS_DIR; };
		80FC67742D2F78770022F9C4 /* SDKNetwork.framework */ = {isa = PBXFileReference; explicitFileType = wrapper.framework; path = SDKNetwork.framework; sourceTree = BUILT_PRODUCTS_DIR; };
		80FC67762D40891B0022F9C4 /* Bindable.swift */ = {isa = PBXFileReference; lastKnownFileType = sourcecode.swift; path = Bindable.swift; sourceTree = "<group>"; };
		80FC67792D408D7F0022F9C4 /* CharacterListViewModel.swift */ = {isa = PBXFileReference; lastKnownFileType = sourcecode.swift; path = CharacterListViewModel.swift; sourceTree = "<group>"; };
		A6DB1A367C38EAE7AEB6B590 /* Pods-RickAndMortyApp.debug.xcconfig */ = {isa = PBXFileReference; includeInIndex = 1; lastKnownFileType = text.xcconfig; name = "Pods-RickAndMortyApp.debug.xcconfig"; path = "Target Support Files/Pods-RickAndMortyApp/Pods-RickAndMortyApp.debug.xcconfig"; sourceTree = "<group>"; };
		B3758949BC4DD8AFCB0E1853 /* Pods-RickAndMortyAppTests.release.xcconfig */ = {isa = PBXFileReference; includeInIndex = 1; lastKnownFileType = text.xcconfig; name = "Pods-RickAndMortyAppTests.release.xcconfig"; path = "Target Support Files/Pods-RickAndMortyAppTests/Pods-RickAndMortyAppTests.release.xcconfig"; sourceTree = "<group>"; };
		E04F14944F3D384194127ACA /* Pods-RickAndMortyApp-RickAndMortyAppUITests.release.xcconfig */ = {isa = PBXFileReference; includeInIndex = 1; lastKnownFileType = text.xcconfig; name = "Pods-RickAndMortyApp-RickAndMortyAppUITests.release.xcconfig"; path = "Target Support Files/Pods-RickAndMortyApp-RickAndMortyAppUITests/Pods-RickAndMortyApp-RickAndMortyAppUITests.release.xcconfig"; sourceTree = "<group>"; };
		F0A7E479DCE4478ECD302334 /* Pods-RickAndMortyAppTests.debug.xcconfig */ = {isa = PBXFileReference; includeInIndex = 1; lastKnownFileType = text.xcconfig; name = "Pods-RickAndMortyAppTests.debug.xcconfig"; path = "Target Support Files/Pods-RickAndMortyAppTests/Pods-RickAndMortyAppTests.debug.xcconfig"; sourceTree = "<group>"; };
/* End PBXFileReference section */

/* Begin PBXFrameworksBuildPhase section */
		80FC67192D2F6B6C0022F9C4 /* Frameworks */ = {
			isa = PBXFrameworksBuildPhase;
			buildActionMask = 2147483647;
			files = (
				80FC676B2D2F74BE0022F9C4 /* Pods_RickAndMortyApp.framework in Frameworks */,
			);
			runOnlyForDeploymentPostprocessing = 0;
		};
		80FC672F2D2F6B6F0022F9C4 /* Frameworks */ = {
			isa = PBXFrameworksBuildPhase;
			buildActionMask = 2147483647;
			files = (
				8688E28F257D0EF563D21CA0 /* Pods_RickAndMortyAppTests.framework in Frameworks */,
			);
			runOnlyForDeploymentPostprocessing = 0;
		};
		80FC67392D2F6B6F0022F9C4 /* Frameworks */ = {
			isa = PBXFrameworksBuildPhase;
			buildActionMask = 2147483647;
			files = (
				8127D6323476B184E792A1E4 /* Pods_RickAndMortyApp_RickAndMortyAppUITests.framework in Frameworks */,
			);
			runOnlyForDeploymentPostprocessing = 0;
		};
/* End PBXFrameworksBuildPhase section */

/* Begin PBXGroup section */
		13AB1E24B7F8BA5AA9A1E0AB /* Frameworks */ = {
			isa = PBXGroup;
			children = (
				80FC67742D2F78770022F9C4 /* SDKNetwork.framework */,
				80FC67722D2F78690022F9C4 /* SDKNetwork.framework */,
				80FC67702D2F78640022F9C4 /* SDKNetwork.framework */,
				80FC676D2D2F77CE0022F9C4 /* SDKNetwork.framework */,
				80FC67672D2F744D0022F9C4 /* SDKNetwork.framework */,
				80FC67632D2F733F0022F9C4 /* SDKNetwork.framework */,
				64C9912565E56AC6C13252D0 /* Pods_RickAndMortyApp.framework */,
				0936EC92A234C70EA37C8B0C /* Pods_RickAndMortyApp_RickAndMortyAppUITests.framework */,
				51B7EE66CBF5FDDF7F2C9C69 /* Pods_RickAndMortyAppTests.framework */,
			);
			name = Frameworks;
			sourceTree = "<group>";
		};
		8037EB852D5C324B00092BD5 /* Network */ = {
			isa = PBXGroup;
			children = (
				8037EB882D5C32A700092BD5 /* CharacterService.swift */,
			);
			path = Network;
			sourceTree = "<group>";
		};
		80FC67132D2F6B6C0022F9C4 = {
			isa = PBXGroup;
			children = (
				80FC671E2D2F6B6C0022F9C4 /* RickAndMortyApp */,
				80FC67352D2F6B6F0022F9C4 /* RickAndMortyAppTests */,
				80FC673F2D2F6B6F0022F9C4 /* RickAndMortyAppUITests */,
				80FC671D2D2F6B6C0022F9C4 /* Products */,
				ADA04ED2CB88608548A67A21 /* Pods */,
				13AB1E24B7F8BA5AA9A1E0AB /* Frameworks */,
			);
			sourceTree = "<group>";
		};
		80FC671D2D2F6B6C0022F9C4 /* Products */ = {
			isa = PBXGroup;
			children = (
				80FC671C2D2F6B6C0022F9C4 /* RickAndMortyApp.app */,
				80FC67322D2F6B6F0022F9C4 /* RickAndMortyAppTests.xctest */,
				80FC673C2D2F6B6F0022F9C4 /* RickAndMortyAppUITests.xctest */,
			);
			name = Products;
			sourceTree = "<group>";
		};
		80FC671E2D2F6B6C0022F9C4 /* RickAndMortyApp */ = {
			isa = PBXGroup;
			children = (
				8037EB852D5C324B00092BD5 /* Network */,
				80FC67782D408D6D0022F9C4 /* ViewModels */,
				80FC674F2D2F6DFF0022F9C4 /* Coordinators */,
				80FC67502D2F6E5A0022F9C4 /* Controllers */,
				80FC67532D2F6E8D0022F9C4 /* Views */,
				80FC67512D2F6E6B0022F9C4 /* Models */,
				80FC671F2D2F6B6C0022F9C4 /* AppDelegate.swift */,
				80FC67212D2F6B6C0022F9C4 /* SceneDelegate.swift */,
				80FC67282D2F6B6F0022F9C4 /* Assets.xcassets */,
				80FC672A2D2F6B6F0022F9C4 /* LaunchScreen.storyboard */,
				80FC672D2D2F6B6F0022F9C4 /* Info.plist */,
				80FC67762D40891B0022F9C4 /* Bindable.swift */,
			);
			path = RickAndMortyApp;
			sourceTree = "<group>";
		};
		80FC67352D2F6B6F0022F9C4 /* RickAndMortyAppTests */ = {
			isa = PBXGroup;
			children = (
				80FC67362D2F6B6F0022F9C4 /* RickAndMortyAppTests.swift */,
			);
			path = RickAndMortyAppTests;
			sourceTree = "<group>";
		};
		80FC673F2D2F6B6F0022F9C4 /* RickAndMortyAppUITests */ = {
			isa = PBXGroup;
			children = (
				80FC67402D2F6B6F0022F9C4 /* RickAndMortyAppUITests.swift */,
				80FC67422D2F6B6F0022F9C4 /* RickAndMortyAppUITestsLaunchTests.swift */,
			);
			path = RickAndMortyAppUITests;
			sourceTree = "<group>";
		};
		80FC674F2D2F6DFF0022F9C4 /* Coordinators */ = {
			isa = PBXGroup;
			children = (
				80FC67542D2F6EED0022F9C4 /* AppCoordinator.swift */,
			);
			path = Coordinators;
			sourceTree = "<group>";
		};
		80FC67502D2F6E5A0022F9C4 /* Controllers */ = {
			isa = PBXGroup;
			children = (
				80FC67572D2F70AD0022F9C4 /* CharacterListViewController.swift */,
			);
			path = Controllers;
			sourceTree = "<group>";
		};
		80FC67512D2F6E6B0022F9C4 /* Models */ = {
			isa = PBXGroup;
			children = (
				80FC675A2D2F70E80022F9C4 /* Character.swift */,
				80FC675D2D2F72460022F9C4 /* CharacterResponse.swift */,
				80FC67602D2F72620022F9C4 /* PageInfo.swift */,
			);
			path = Models;
			sourceTree = "<group>";
		};
		80FC67532D2F6E8D0022F9C4 /* Views */ = {
			isa = PBXGroup;
			children = (
				8037EB832D5915E000092BD5 /* CharacterCell.swift */,
			);
			path = Views;
			sourceTree = "<group>";
		};
		80FC67782D408D6D0022F9C4 /* ViewModels */ = {
			isa = PBXGroup;
			children = (
				80FC67792D408D7F0022F9C4 /* CharacterListViewModel.swift */,
			);
			path = ViewModels;
			sourceTree = "<group>";
		};
		ADA04ED2CB88608548A67A21 /* Pods */ = {
			isa = PBXGroup;
			children = (
				A6DB1A367C38EAE7AEB6B590 /* Pods-RickAndMortyApp.debug.xcconfig */,
				47E615F06B0FCB8F76921852 /* Pods-RickAndMortyApp.release.xcconfig */,
				22FFF000FA4AE5EDC666F1DA /* Pods-RickAndMortyApp-RickAndMortyAppUITests.debug.xcconfig */,
				E04F14944F3D384194127ACA /* Pods-RickAndMortyApp-RickAndMortyAppUITests.release.xcconfig */,
				F0A7E479DCE4478ECD302334 /* Pods-RickAndMortyAppTests.debug.xcconfig */,
				B3758949BC4DD8AFCB0E1853 /* Pods-RickAndMortyAppTests.release.xcconfig */,
			);
			path = Pods;
			sourceTree = "<group>";
		};
/* End PBXGroup section */

/* Begin PBXNativeTarget section */
		80FC671B2D2F6B6C0022F9C4 /* RickAndMortyApp */ = {
			isa = PBXNativeTarget;
			buildConfigurationList = 80FC67462D2F6B6F0022F9C4 /* Build configuration list for PBXNativeTarget "RickAndMortyApp" */;
			buildPhases = (
				3F81C52757BE03A2CF852FF3 /* [CP] Check Pods Manifest.lock */,
				80FC67182D2F6B6C0022F9C4 /* Sources */,
				80FC67192D2F6B6C0022F9C4 /* Frameworks */,
				80FC671A2D2F6B6C0022F9C4 /* Resources */,
				80FC676A2D2F744D0022F9C4 /* Embed Frameworks */,
				7CA6AA2FDBC950F5FC202BB7 /* [CP] Embed Pods Frameworks */,
			);
			buildRules = (
			);
			dependencies = (
			);
			name = RickAndMortyApp;
			productName = RickAndMortyApp;
			productReference = 80FC671C2D2F6B6C0022F9C4 /* RickAndMortyApp.app */;
			productType = "com.apple.product-type.application";
		};
		80FC67312D2F6B6F0022F9C4 /* RickAndMortyAppTests */ = {
			isa = PBXNativeTarget;
			buildConfigurationList = 80FC67492D2F6B6F0022F9C4 /* Build configuration list for PBXNativeTarget "RickAndMortyAppTests" */;
			buildPhases = (
				602B35F9CFD6CD41D727BE07 /* [CP] Check Pods Manifest.lock */,
				80FC672E2D2F6B6F0022F9C4 /* Sources */,
				80FC672F2D2F6B6F0022F9C4 /* Frameworks */,
				80FC67302D2F6B6F0022F9C4 /* Resources */,
			);
			buildRules = (
			);
			dependencies = (
				80FC67342D2F6B6F0022F9C4 /* PBXTargetDependency */,
			);
			name = RickAndMortyAppTests;
			productName = RickAndMortyAppTests;
			productReference = 80FC67322D2F6B6F0022F9C4 /* RickAndMortyAppTests.xctest */;
			productType = "com.apple.product-type.bundle.unit-test";
		};
		80FC673B2D2F6B6F0022F9C4 /* RickAndMortyAppUITests */ = {
			isa = PBXNativeTarget;
			buildConfigurationList = 80FC674C2D2F6B6F0022F9C4 /* Build configuration list for PBXNativeTarget "RickAndMortyAppUITests" */;
			buildPhases = (
				0684AF0B80C45D0B12F2F858 /* [CP] Check Pods Manifest.lock */,
				80FC67382D2F6B6F0022F9C4 /* Sources */,
				80FC67392D2F6B6F0022F9C4 /* Frameworks */,
				80FC673A2D2F6B6F0022F9C4 /* Resources */,
				C9FCAF8648A241FE4B0E5F7C /* [CP] Embed Pods Frameworks */,
			);
			buildRules = (
			);
			dependencies = (
				80FC673E2D2F6B6F0022F9C4 /* PBXTargetDependency */,
			);
			name = RickAndMortyAppUITests;
			productName = RickAndMortyAppUITests;
			productReference = 80FC673C2D2F6B6F0022F9C4 /* RickAndMortyAppUITests.xctest */;
			productType = "com.apple.product-type.bundle.ui-testing";
		};
/* End PBXNativeTarget section */

/* Begin PBXProject section */
		80FC67142D2F6B6C0022F9C4 /* Project object */ = {
			isa = PBXProject;
			attributes = {
				BuildIndependentTargetsInParallel = 1;
				LastSwiftUpdateCheck = 1540;
				LastUpgradeCheck = 1540;
				TargetAttributes = {
					80FC671B2D2F6B6C0022F9C4 = {
						CreatedOnToolsVersion = 15.4;
					};
					80FC67312D2F6B6F0022F9C4 = {
						CreatedOnToolsVersion = 15.4;
						TestTargetID = 80FC671B2D2F6B6C0022F9C4;
					};
					80FC673B2D2F6B6F0022F9C4 = {
						CreatedOnToolsVersion = 15.4;
						TestTargetID = 80FC671B2D2F6B6C0022F9C4;
					};
				};
			};
			buildConfigurationList = 80FC67172D2F6B6C0022F9C4 /* Build configuration list for PBXProject "RickAndMortyApp" */;
			compatibilityVersion = "Xcode 14.0";
			developmentRegion = en;
			hasScannedForEncodings = 0;
			knownRegions = (
				en,
				Base,
			);
			mainGroup = 80FC67132D2F6B6C0022F9C4;
			productRefGroup = 80FC671D2D2F6B6C0022F9C4 /* Products */;
			projectDirPath = "";
			projectRoot = "";
			targets = (
				80FC671B2D2F6B6C0022F9C4 /* RickAndMortyApp */,
				80FC67312D2F6B6F0022F9C4 /* RickAndMortyAppTests */,
				80FC673B2D2F6B6F0022F9C4 /* RickAndMortyAppUITests */,
			);
		};
/* End PBXProject section */

/* Begin PBXResourcesBuildPhase section */
		80FC671A2D2F6B6C0022F9C4 /* Resources */ = {
			isa = PBXResourcesBuildPhase;
			buildActionMask = 2147483647;
			files = (
				80FC67292D2F6B6F0022F9C4 /* Assets.xcassets in Resources */,
				80FC672C2D2F6B6F0022F9C4 /* Base in Resources */,
			);
			runOnlyForDeploymentPostprocessing = 0;
		};
		80FC67302D2F6B6F0022F9C4 /* Resources */ = {
			isa = PBXResourcesBuildPhase;
			buildActionMask = 2147483647;
			files = (
			);
			runOnlyForDeploymentPostprocessing = 0;
		};
		80FC673A2D2F6B6F0022F9C4 /* Resources */ = {
			isa = PBXResourcesBuildPhase;
			buildActionMask = 2147483647;
			files = (
			);
			runOnlyForDeploymentPostprocessing = 0;
		};
/* End PBXResourcesBuildPhase section */

/* Begin PBXShellScriptBuildPhase section */
		0684AF0B80C45D0B12F2F858 /* [CP] Check Pods Manifest.lock */ = {
			isa = PBXShellScriptBuildPhase;
			buildActionMask = 2147483647;
			files = (
			);
			inputFileListPaths = (
			);
			inputPaths = (
				"${PODS_PODFILE_DIR_PATH}/Podfile.lock",
				"${PODS_ROOT}/Manifest.lock",
			);
			name = "[CP] Check Pods Manifest.lock";
			outputFileListPaths = (
			);
			outputPaths = (
				"$(DERIVED_FILE_DIR)/Pods-RickAndMortyApp-RickAndMortyAppUITests-checkManifestLockResult.txt",
			);
			runOnlyForDeploymentPostprocessing = 0;
			shellPath = /bin/sh;
			shellScript = "diff \"${PODS_PODFILE_DIR_PATH}/Podfile.lock\" \"${PODS_ROOT}/Manifest.lock\" > /dev/null\nif [ $? != 0 ] ; then\n    # print error to STDERR\n    echo \"error: The sandbox is not in sync with the Podfile.lock. Run 'pod install' or update your CocoaPods installation.\" >&2\n    exit 1\nfi\n# This output is used by Xcode 'outputs' to avoid re-running this script phase.\necho \"SUCCESS\" > \"${SCRIPT_OUTPUT_FILE_0}\"\n";
			showEnvVarsInLog = 0;
		};
		3F81C52757BE03A2CF852FF3 /* [CP] Check Pods Manifest.lock */ = {
			isa = PBXShellScriptBuildPhase;
			buildActionMask = 2147483647;
			files = (
			);
			inputFileListPaths = (
			);
			inputPaths = (
				"${PODS_PODFILE_DIR_PATH}/Podfile.lock",
				"${PODS_ROOT}/Manifest.lock",
			);
			name = "[CP] Check Pods Manifest.lock";
			outputFileListPaths = (
			);
			outputPaths = (
				"$(DERIVED_FILE_DIR)/Pods-RickAndMortyApp-checkManifestLockResult.txt",
			);
			runOnlyForDeploymentPostprocessing = 0;
			shellPath = /bin/sh;
			shellScript = "diff \"${PODS_PODFILE_DIR_PATH}/Podfile.lock\" \"${PODS_ROOT}/Manifest.lock\" > /dev/null\nif [ $? != 0 ] ; then\n    # print error to STDERR\n    echo \"error: The sandbox is not in sync with the Podfile.lock. Run 'pod install' or update your CocoaPods installation.\" >&2\n    exit 1\nfi\n# This output is used by Xcode 'outputs' to avoid re-running this script phase.\necho \"SUCCESS\" > \"${SCRIPT_OUTPUT_FILE_0}\"\n";
			showEnvVarsInLog = 0;
		};
		602B35F9CFD6CD41D727BE07 /* [CP] Check Pods Manifest.lock */ = {
			isa = PBXShellScriptBuildPhase;
			buildActionMask = 2147483647;
			files = (
			);
			inputFileListPaths = (
			);
			inputPaths = (
				"${PODS_PODFILE_DIR_PATH}/Podfile.lock",
				"${PODS_ROOT}/Manifest.lock",
			);
			name = "[CP] Check Pods Manifest.lock";
			outputFileListPaths = (
			);
			outputPaths = (
				"$(DERIVED_FILE_DIR)/Pods-RickAndMortyAppTests-checkManifestLockResult.txt",
			);
			runOnlyForDeploymentPostprocessing = 0;
			shellPath = /bin/sh;
			shellScript = "diff \"${PODS_PODFILE_DIR_PATH}/Podfile.lock\" \"${PODS_ROOT}/Manifest.lock\" > /dev/null\nif [ $? != 0 ] ; then\n    # print error to STDERR\n    echo \"error: The sandbox is not in sync with the Podfile.lock. Run 'pod install' or update your CocoaPods installation.\" >&2\n    exit 1\nfi\n# This output is used by Xcode 'outputs' to avoid re-running this script phase.\necho \"SUCCESS\" > \"${SCRIPT_OUTPUT_FILE_0}\"\n";
			showEnvVarsInLog = 0;
		};
		7CA6AA2FDBC950F5FC202BB7 /* [CP] Embed Pods Frameworks */ = {
			isa = PBXShellScriptBuildPhase;
			buildActionMask = 2147483647;
			files = (
			);
			inputFileListPaths = (
				"${PODS_ROOT}/Target Support Files/Pods-RickAndMortyApp/Pods-RickAndMortyApp-frameworks-${CONFIGURATION}-input-files.xcfilelist",
			);
			name = "[CP] Embed Pods Frameworks";
			outputFileListPaths = (
				"${PODS_ROOT}/Target Support Files/Pods-RickAndMortyApp/Pods-RickAndMortyApp-frameworks-${CONFIGURATION}-output-files.xcfilelist",
			);
			runOnlyForDeploymentPostprocessing = 0;
			shellPath = /bin/sh;
			shellScript = "\"${PODS_ROOT}/Target Support Files/Pods-RickAndMortyApp/Pods-RickAndMortyApp-frameworks.sh\"\n";
			showEnvVarsInLog = 0;
		};
		C9FCAF8648A241FE4B0E5F7C /* [CP] Embed Pods Frameworks */ = {
			isa = PBXShellScriptBuildPhase;
			buildActionMask = 2147483647;
			files = (
			);
			inputFileListPaths = (
				"${PODS_ROOT}/Target Support Files/Pods-RickAndMortyApp-RickAndMortyAppUITests/Pods-RickAndMortyApp-RickAndMortyAppUITests-frameworks-${CONFIGURATION}-input-files.xcfilelist",
			);
			name = "[CP] Embed Pods Frameworks";
			outputFileListPaths = (
				"${PODS_ROOT}/Target Support Files/Pods-RickAndMortyApp-RickAndMortyAppUITests/Pods-RickAndMortyApp-RickAndMortyAppUITests-frameworks-${CONFIGURATION}-output-files.xcfilelist",
			);
			runOnlyForDeploymentPostprocessing = 0;
			shellPath = /bin/sh;
			shellScript = "\"${PODS_ROOT}/Target Support Files/Pods-RickAndMortyApp-RickAndMortyAppUITests/Pods-RickAndMortyApp-RickAndMortyAppUITests-frameworks.sh\"\n";
			showEnvVarsInLog = 0;
		};
/* End PBXShellScriptBuildPhase section */

/* Begin PBXSourcesBuildPhase section */
		80FC67182D2F6B6C0022F9C4 /* Sources */ = {
			isa = PBXSourcesBuildPhase;
			buildActionMask = 2147483647;
			files = (
				80FC675E2D2F72460022F9C4 /* CharacterResponse.swift in Sources */,
				80FC67552D2F6EED0022F9C4 /* AppCoordinator.swift in Sources */,
				8037EB892D5C32A700092BD5 /* CharacterService.swift in Sources */,
				8037EB842D5915E000092BD5 /* CharacterCell.swift in Sources */,
				80FC67772D40891C0022F9C4 /* Bindable.swift in Sources */,
				80FC67612D2F72620022F9C4 /* PageInfo.swift in Sources */,
				80FC677A2D408D800022F9C4 /* CharacterListViewModel.swift in Sources */,
				80FC67582D2F70AD0022F9C4 /* CharacterListViewController.swift in Sources */,
				80FC675B2D2F70E80022F9C4 /* Character.swift in Sources */,
				80FC67202D2F6B6C0022F9C4 /* AppDelegate.swift in Sources */,
				80FC67222D2F6B6C0022F9C4 /* SceneDelegate.swift in Sources */,
			);
			runOnlyForDeploymentPostprocessing = 0;
		};
		80FC672E2D2F6B6F0022F9C4 /* Sources */ = {
			isa = PBXSourcesBuildPhase;
			buildActionMask = 2147483647;
			files = (
				80FC67562D2F6EED0022F9C4 /* AppCoordinator.swift in Sources */,
				80FC67592D2F70AD0022F9C4 /* CharacterListViewController.swift in Sources */,
				80FC67622D2F72620022F9C4 /* PageInfo.swift in Sources */,
				80FC675F2D2F72460022F9C4 /* CharacterResponse.swift in Sources */,
				80FC67372D2F6B6F0022F9C4 /* RickAndMortyAppTests.swift in Sources */,
				80FC675C2D2F70E80022F9C4 /* Character.swift in Sources */,
			);
			runOnlyForDeploymentPostprocessing = 0;
		};
		80FC67382D2F6B6F0022F9C4 /* Sources */ = {
			isa = PBXSourcesBuildPhase;
			buildActionMask = 2147483647;
			files = (
				80FC67412D2F6B6F0022F9C4 /* RickAndMortyAppUITests.swift in Sources */,
				80FC67432D2F6B6F0022F9C4 /* RickAndMortyAppUITestsLaunchTests.swift in Sources */,
			);
			runOnlyForDeploymentPostprocessing = 0;
		};
/* End PBXSourcesBuildPhase section */

/* Begin PBXTargetDependency section */
		80FC67342D2F6B6F0022F9C4 /* PBXTargetDependency */ = {
			isa = PBXTargetDependency;
			target = 80FC671B2D2F6B6C0022F9C4 /* RickAndMortyApp */;
			targetProxy = 80FC67332D2F6B6F0022F9C4 /* PBXContainerItemProxy */;
		};
		80FC673E2D2F6B6F0022F9C4 /* PBXTargetDependency */ = {
			isa = PBXTargetDependency;
			target = 80FC671B2D2F6B6C0022F9C4 /* RickAndMortyApp */;
			targetProxy = 80FC673D2D2F6B6F0022F9C4 /* PBXContainerItemProxy */;
		};
/* End PBXTargetDependency section */

/* Begin PBXVariantGroup section */
		80FC672A2D2F6B6F0022F9C4 /* LaunchScreen.storyboard */ = {
			isa = PBXVariantGroup;
			children = (
				80FC672B2D2F6B6F0022F9C4 /* Base */,
			);
			name = LaunchScreen.storyboard;
			sourceTree = "<group>";
		};
/* End PBXVariantGroup section */

/* Begin XCBuildConfiguration section */
		80FC67442D2F6B6F0022F9C4 /* Debug */ = {
			isa = XCBuildConfiguration;
			buildSettings = {
				ALWAYS_SEARCH_USER_PATHS = NO;
				ASSETCATALOG_COMPILER_GENERATE_SWIFT_ASSET_SYMBOL_EXTENSIONS = YES;
				CLANG_ANALYZER_NONNULL = YES;
				CLANG_ANALYZER_NUMBER_OBJECT_CONVERSION = YES_AGGRESSIVE;
				CLANG_CXX_LANGUAGE_STANDARD = "gnu++20";
				CLANG_ENABLE_MODULES = YES;
				CLANG_ENABLE_OBJC_ARC = YES;
				CLANG_ENABLE_OBJC_WEAK = YES;
				CLANG_WARN_BLOCK_CAPTURE_AUTORELEASING = YES;
				CLANG_WARN_BOOL_CONVERSION = YES;
				CLANG_WARN_COMMA = YES;
				CLANG_WARN_CONSTANT_CONVERSION = YES;
				CLANG_WARN_DEPRECATED_OBJC_IMPLEMENTATIONS = YES;
				CLANG_WARN_DIRECT_OBJC_ISA_USAGE = YES_ERROR;
				CLANG_WARN_DOCUMENTATION_COMMENTS = YES;
				CLANG_WARN_EMPTY_BODY = YES;
				CLANG_WARN_ENUM_CONVERSION = YES;
				CLANG_WARN_INFINITE_RECURSION = YES;
				CLANG_WARN_INT_CONVERSION = YES;
				CLANG_WARN_NON_LITERAL_NULL_CONVERSION = YES;
				CLANG_WARN_OBJC_IMPLICIT_RETAIN_SELF = YES;
				CLANG_WARN_OBJC_LITERAL_CONVERSION = YES;
				CLANG_WARN_OBJC_ROOT_CLASS = YES_ERROR;
				CLANG_WARN_QUOTED_INCLUDE_IN_FRAMEWORK_HEADER = YES;
				CLANG_WARN_RANGE_LOOP_ANALYSIS = YES;
				CLANG_WARN_STRICT_PROTOTYPES = YES;
				CLANG_WARN_SUSPICIOUS_MOVE = YES;
				CLANG_WARN_UNGUARDED_AVAILABILITY = YES_AGGRESSIVE;
				CLANG_WARN_UNREACHABLE_CODE = YES;
				CLANG_WARN__DUPLICATE_METHOD_MATCH = YES;
				COPY_PHASE_STRIP = NO;
				DEBUG_INFORMATION_FORMAT = dwarf;
				ENABLE_STRICT_OBJC_MSGSEND = YES;
				ENABLE_TESTABILITY = YES;
				ENABLE_USER_SCRIPT_SANDBOXING = YES;
				GCC_C_LANGUAGE_STANDARD = gnu17;
				GCC_DYNAMIC_NO_PIC = NO;
				GCC_NO_COMMON_BLOCKS = YES;
				GCC_OPTIMIZATION_LEVEL = 0;
				GCC_PREPROCESSOR_DEFINITIONS = (
					"DEBUG=1",
					"$(inherited)",
				);
				GCC_WARN_64_TO_32_BIT_CONVERSION = YES;
				GCC_WARN_ABOUT_RETURN_TYPE = YES_ERROR;
				GCC_WARN_UNDECLARED_SELECTOR = YES;
				GCC_WARN_UNINITIALIZED_AUTOS = YES_AGGRESSIVE;
				GCC_WARN_UNUSED_FUNCTION = YES;
				GCC_WARN_UNUSED_VARIABLE = YES;
				IPHONEOS_DEPLOYMENT_TARGET = 17.5;
				LOCALIZATION_PREFERS_STRING_CATALOGS = YES;
				MTL_ENABLE_DEBUG_INFO = INCLUDE_SOURCE;
				MTL_FAST_MATH = YES;
				ONLY_ACTIVE_ARCH = YES;
				SDKROOT = iphoneos;
				SWIFT_ACTIVE_COMPILATION_CONDITIONS = "DEBUG $(inherited)";
				SWIFT_OPTIMIZATION_LEVEL = "-Onone";
			};
			name = Debug;
		};
		80FC67452D2F6B6F0022F9C4 /* Release */ = {
			isa = XCBuildConfiguration;
			buildSettings = {
				ALWAYS_SEARCH_USER_PATHS = NO;
				ASSETCATALOG_COMPILER_GENERATE_SWIFT_ASSET_SYMBOL_EXTENSIONS = YES;
				CLANG_ANALYZER_NONNULL = YES;
				CLANG_ANALYZER_NUMBER_OBJECT_CONVERSION = YES_AGGRESSIVE;
				CLANG_CXX_LANGUAGE_STANDARD = "gnu++20";
				CLANG_ENABLE_MODULES = YES;
				CLANG_ENABLE_OBJC_ARC = YES;
				CLANG_ENABLE_OBJC_WEAK = YES;
				CLANG_WARN_BLOCK_CAPTURE_AUTORELEASING = YES;
				CLANG_WARN_BOOL_CONVERSION = YES;
				CLANG_WARN_COMMA = YES;
				CLANG_WARN_CONSTANT_CONVERSION = YES;
				CLANG_WARN_DEPRECATED_OBJC_IMPLEMENTATIONS = YES;
				CLANG_WARN_DIRECT_OBJC_ISA_USAGE = YES_ERROR;
				CLANG_WARN_DOCUMENTATION_COMMENTS = YES;
				CLANG_WARN_EMPTY_BODY = YES;
				CLANG_WARN_ENUM_CONVERSION = YES;
				CLANG_WARN_INFINITE_RECURSION = YES;
				CLANG_WARN_INT_CONVERSION = YES;
				CLANG_WARN_NON_LITERAL_NULL_CONVERSION = YES;
				CLANG_WARN_OBJC_IMPLICIT_RETAIN_SELF = YES;
				CLANG_WARN_OBJC_LITERAL_CONVERSION = YES;
				CLANG_WARN_OBJC_ROOT_CLASS = YES_ERROR;
				CLANG_WARN_QUOTED_INCLUDE_IN_FRAMEWORK_HEADER = YES;
				CLANG_WARN_RANGE_LOOP_ANALYSIS = YES;
				CLANG_WARN_STRICT_PROTOTYPES = YES;
				CLANG_WARN_SUSPICIOUS_MOVE = YES;
				CLANG_WARN_UNGUARDED_AVAILABILITY = YES_AGGRESSIVE;
				CLANG_WARN_UNREACHABLE_CODE = YES;
				CLANG_WARN__DUPLICATE_METHOD_MATCH = YES;
				COPY_PHASE_STRIP = NO;
				DEBUG_INFORMATION_FORMAT = "dwarf-with-dsym";
				ENABLE_NS_ASSERTIONS = NO;
				ENABLE_STRICT_OBJC_MSGSEND = YES;
				ENABLE_USER_SCRIPT_SANDBOXING = YES;
				GCC_C_LANGUAGE_STANDARD = gnu17;
				GCC_NO_COMMON_BLOCKS = YES;
				GCC_WARN_64_TO_32_BIT_CONVERSION = YES;
				GCC_WARN_ABOUT_RETURN_TYPE = YES_ERROR;
				GCC_WARN_UNDECLARED_SELECTOR = YES;
				GCC_WARN_UNINITIALIZED_AUTOS = YES_AGGRESSIVE;
				GCC_WARN_UNUSED_FUNCTION = YES;
				GCC_WARN_UNUSED_VARIABLE = YES;
				IPHONEOS_DEPLOYMENT_TARGET = 17.5;
				LOCALIZATION_PREFERS_STRING_CATALOGS = YES;
				MTL_ENABLE_DEBUG_INFO = NO;
				MTL_FAST_MATH = YES;
				SDKROOT = iphoneos;
				SWIFT_COMPILATION_MODE = wholemodule;
				VALIDATE_PRODUCT = YES;
			};
			name = Release;
		};
		80FC67472D2F6B6F0022F9C4 /* Debug */ = {
			isa = XCBuildConfiguration;
			baseConfigurationReference = A6DB1A367C38EAE7AEB6B590 /* Pods-RickAndMortyApp.debug.xcconfig */;
			buildSettings = {
				ASSETCATALOG_COMPILER_APPICON_NAME = AppIcon;
				ASSETCATALOG_COMPILER_GLOBAL_ACCENT_COLOR_NAME = AccentColor;
				CODE_SIGN_STYLE = Automatic;
				CURRENT_PROJECT_VERSION = 1;
				DEVELOPMENT_TEAM = 2P72WUU46Z;
				ENABLE_USER_SCRIPT_SANDBOXING = NO;
				GENERATE_INFOPLIST_FILE = YES;
				INFOPLIST_FILE = RickAndMortyApp/Info.plist;
				INFOPLIST_KEY_UIApplicationSupportsIndirectInputEvents = YES;
				INFOPLIST_KEY_UILaunchStoryboardName = LaunchScreen;
				INFOPLIST_KEY_UIMainStoryboardFile = "";
				INFOPLIST_KEY_UISupportedInterfaceOrientations_iPad = "UIInterfaceOrientationPortrait UIInterfaceOrientationPortraitUpsideDown UIInterfaceOrientationLandscapeLeft UIInterfaceOrientationLandscapeRight";
				INFOPLIST_KEY_UISupportedInterfaceOrientations_iPhone = "UIInterfaceOrientationPortrait UIInterfaceOrientationLandscapeLeft UIInterfaceOrientationLandscapeRight";
				LD_RUNPATH_SEARCH_PATHS = (
					"$(inherited)",
					"@executable_path/Frameworks",
				);
				MARKETING_VERSION = 1.0;
				PRODUCT_BUNDLE_IDENTIFIER = gilmarJr.RickAndMortyApp;
				PRODUCT_NAME = "$(TARGET_NAME)";
				SWIFT_EMIT_LOC_STRINGS = YES;
				SWIFT_VERSION = 5.0;
				TARGETED_DEVICE_FAMILY = "1,2";
			};
			name = Debug;
		};
		80FC67482D2F6B6F0022F9C4 /* Release */ = {
			isa = XCBuildConfiguration;
			baseConfigurationReference = 47E615F06B0FCB8F76921852 /* Pods-RickAndMortyApp.release.xcconfig */;
			buildSettings = {
				ASSETCATALOG_COMPILER_APPICON_NAME = AppIcon;
				ASSETCATALOG_COMPILER_GLOBAL_ACCENT_COLOR_NAME = AccentColor;
				CODE_SIGN_STYLE = Automatic;
				CURRENT_PROJECT_VERSION = 1;
				DEVELOPMENT_TEAM = 2P72WUU46Z;
				ENABLE_USER_SCRIPT_SANDBOXING = NO;
				GENERATE_INFOPLIST_FILE = YES;
				INFOPLIST_FILE = RickAndMortyApp/Info.plist;
				INFOPLIST_KEY_UIApplicationSupportsIndirectInputEvents = YES;
				INFOPLIST_KEY_UILaunchStoryboardName = LaunchScreen;
				INFOPLIST_KEY_UIMainStoryboardFile = "";
				INFOPLIST_KEY_UISupportedInterfaceOrientations_iPad = "UIInterfaceOrientationPortrait UIInterfaceOrientationPortraitUpsideDown UIInterfaceOrientationLandscapeLeft UIInterfaceOrientationLandscapeRight";
				INFOPLIST_KEY_UISupportedInterfaceOrientations_iPhone = "UIInterfaceOrientationPortrait UIInterfaceOrientationLandscapeLeft UIInterfaceOrientationLandscapeRight";
				LD_RUNPATH_SEARCH_PATHS = (
					"$(inherited)",
					"@executable_path/Frameworks",
				);
				MARKETING_VERSION = 1.0;
				PRODUCT_BUNDLE_IDENTIFIER = gilmarJr.RickAndMortyApp;
				PRODUCT_NAME = "$(TARGET_NAME)";
				SWIFT_EMIT_LOC_STRINGS = YES;
				SWIFT_VERSION = 5.0;
				TARGETED_DEVICE_FAMILY = "1,2";
			};
			name = Release;
		};
		80FC674A2D2F6B6F0022F9C4 /* Debug */ = {
			isa = XCBuildConfiguration;
			baseConfigurationReference = F0A7E479DCE4478ECD302334 /* Pods-RickAndMortyAppTests.debug.xcconfig */;
			buildSettings = {
				ALWAYS_EMBED_SWIFT_STANDARD_LIBRARIES = YES;
				BUNDLE_LOADER = "$(TEST_HOST)";
				CODE_SIGN_STYLE = Automatic;
				CURRENT_PROJECT_VERSION = 1;
				DEVELOPMENT_TEAM = 2P72WUU46Z;
				ENABLE_USER_SCRIPT_SANDBOXING = NO;
				GENERATE_INFOPLIST_FILE = YES;
				IPHONEOS_DEPLOYMENT_TARGET = 17.5;
				MARKETING_VERSION = 1.0;
				PRODUCT_BUNDLE_IDENTIFIER = gilmarJr.RickAndMortyAppTests;
				PRODUCT_NAME = "$(TARGET_NAME)";
				SWIFT_EMIT_LOC_STRINGS = NO;
				SWIFT_VERSION = 5.0;
				TARGETED_DEVICE_FAMILY = "1,2";
				TEST_HOST = "$(BUILT_PRODUCTS_DIR)/RickAndMortyApp.app/$(BUNDLE_EXECUTABLE_FOLDER_PATH)/RickAndMortyApp";
			};
			name = Debug;
		};
		80FC674B2D2F6B6F0022F9C4 /* Release */ = {
			isa = XCBuildConfiguration;
			baseConfigurationReference = B3758949BC4DD8AFCB0E1853 /* Pods-RickAndMortyAppTests.release.xcconfig */;
			buildSettings = {
				ALWAYS_EMBED_SWIFT_STANDARD_LIBRARIES = YES;
				BUNDLE_LOADER = "$(TEST_HOST)";
				CODE_SIGN_STYLE = Automatic;
				CURRENT_PROJECT_VERSION = 1;
				DEVELOPMENT_TEAM = 2P72WUU46Z;
				ENABLE_USER_SCRIPT_SANDBOXING = NO;
				GENERATE_INFOPLIST_FILE = YES;
				IPHONEOS_DEPLOYMENT_TARGET = 17.5;
				MARKETING_VERSION = 1.0;
				PRODUCT_BUNDLE_IDENTIFIER = gilmarJr.RickAndMortyAppTests;
				PRODUCT_NAME = "$(TARGET_NAME)";
				SWIFT_EMIT_LOC_STRINGS = NO;
				SWIFT_VERSION = 5.0;
				TARGETED_DEVICE_FAMILY = "1,2";
				TEST_HOST = "$(BUILT_PRODUCTS_DIR)/RickAndMortyApp.app/$(BUNDLE_EXECUTABLE_FOLDER_PATH)/RickAndMortyApp";
			};
			name = Release;
		};
		80FC674D2D2F6B6F0022F9C4 /* Debug */ = {
			isa = XCBuildConfiguration;
			baseConfigurationReference = 22FFF000FA4AE5EDC666F1DA /* Pods-RickAndMortyApp-RickAndMortyAppUITests.debug.xcconfig */;
			buildSettings = {
				ALWAYS_EMBED_SWIFT_STANDARD_LIBRARIES = YES;
				CODE_SIGN_STYLE = Automatic;
				CURRENT_PROJECT_VERSION = 1;
				DEVELOPMENT_TEAM = 2P72WUU46Z;
				ENABLE_USER_SCRIPT_SANDBOXING = NO;
				GENERATE_INFOPLIST_FILE = YES;
				MARKETING_VERSION = 1.0;
				PRODUCT_BUNDLE_IDENTIFIER = gilmarJr.RickAndMortyAppUITests;
				PRODUCT_NAME = "$(TARGET_NAME)";
				SWIFT_EMIT_LOC_STRINGS = NO;
				SWIFT_VERSION = 5.0;
				TARGETED_DEVICE_FAMILY = "1,2";
				TEST_TARGET_NAME = RickAndMortyApp;
			};
			name = Debug;
		};
		80FC674E2D2F6B6F0022F9C4 /* Release */ = {
			isa = XCBuildConfiguration;
			baseConfigurationReference = E04F14944F3D384194127ACA /* Pods-RickAndMortyApp-RickAndMortyAppUITests.release.xcconfig */;
			buildSettings = {
				ALWAYS_EMBED_SWIFT_STANDARD_LIBRARIES = YES;
				CODE_SIGN_STYLE = Automatic;
				CURRENT_PROJECT_VERSION = 1;
				DEVELOPMENT_TEAM = 2P72WUU46Z;
				ENABLE_USER_SCRIPT_SANDBOXING = NO;
				GENERATE_INFOPLIST_FILE = YES;
				MARKETING_VERSION = 1.0;
				PRODUCT_BUNDLE_IDENTIFIER = gilmarJr.RickAndMortyAppUITests;
				PRODUCT_NAME = "$(TARGET_NAME)";
				SWIFT_EMIT_LOC_STRINGS = NO;
				SWIFT_VERSION = 5.0;
				TARGETED_DEVICE_FAMILY = "1,2";
				TEST_TARGET_NAME = RickAndMortyApp;
			};
			name = Release;
		};
/* End XCBuildConfiguration section */

/* Begin XCConfigurationList section */
		80FC67172D2F6B6C0022F9C4 /* Build configuration list for PBXProject "RickAndMortyApp" */ = {
			isa = XCConfigurationList;
			buildConfigurations = (
				80FC67442D2F6B6F0022F9C4 /* Debug */,
				80FC67452D2F6B6F0022F9C4 /* Release */,
			);
			defaultConfigurationIsVisible = 0;
			defaultConfigurationName = Release;
		};
		80FC67462D2F6B6F0022F9C4 /* Build configuration list for PBXNativeTarget "RickAndMortyApp" */ = {
			isa = XCConfigurationList;
			buildConfigurations = (
				80FC67472D2F6B6F0022F9C4 /* Debug */,
				80FC67482D2F6B6F0022F9C4 /* Release */,
			);
			defaultConfigurationIsVisible = 0;
			defaultConfigurationName = Release;
		};
		80FC67492D2F6B6F0022F9C4 /* Build configuration list for PBXNativeTarget "RickAndMortyAppTests" */ = {
			isa = XCConfigurationList;
			buildConfigurations = (
				80FC674A2D2F6B6F0022F9C4 /* Debug */,
				80FC674B2D2F6B6F0022F9C4 /* Release */,
			);
			defaultConfigurationIsVisible = 0;
			defaultConfigurationName = Release;
		};
		80FC674C2D2F6B6F0022F9C4 /* Build configuration list for PBXNativeTarget "RickAndMortyAppUITests" */ = {
			isa = XCConfigurationList;
			buildConfigurations = (
				80FC674D2D2F6B6F0022F9C4 /* Debug */,
				80FC674E2D2F6B6F0022F9C4 /* Release */,
			);
			defaultConfigurationIsVisible = 0;
			defaultConfigurationName = Release;
		};
/* End XCConfigurationList section */
	};
	rootObject = 80FC67142D2F6B6C0022F9C4 /* Project object */;
}
